
Microsoft Visual Studio Solution File, Format Version 12.00
# Visual Studio Version 17
VisualStudioVersion = 17.12.35527.113
MinimumVisualStudioVersion = 10.0.40219.1
Project("{FAE04EC0-301F-11D3-BF4B-00C04F79EFBC}") = "ACS_PACLAR", "ACS_PACLAR.csproj", "{F40417AB-E896-4C3B-8779-5CFF918C6B3D}"
EndProject
Project("{2150E333-8FDC-42A3-9474-1A3956D46DE8}") = "BookingForms", "BookingForms", "{AAF8F49A-62F9-4962-90CA-5C0DCD25377D}"
	ProjectSection(SolutionItems) = preProject
		AddBookingForm.cs = AddBookingForm.cs
		BookingsForm.cs = BookingsForm.cs
		EditBookingForm.cs = EditBookingForm.cs
	EndProjectSection
EndProject
Project("{2150E333-8FDC-42A3-9474-1A3956D46DE8}") = "ClientForms", "ClientForms", "{9D35BB9D-4F88-4CD3-9452-3BB3072EFDEC}"
	ProjectSection(SolutionItems) = preProject
		AddClientForm.cs = AddClientForm.cs
		ClientsForm.cs = ClientsForm.cs
		EditClientForm.cs = EditClientForm.cs
	EndProjectSection
EndProject
Project("{2150E333-8FDC-42A3-9474-1A3956D46DE8}") = "InventoryForms", "InventoryForms", "{ED689BE6-321E-44B5-AA83-3A7B9BAC84F4}"
	ProjectSection(SolutionItems) = preProject
		EditInventoryForm.cs = EditInventoryForm.cs
		InventoryForm.cs = InventoryForm.cs
	EndProjectSection
EndProject
Project("{2150E333-8FDC-42A3-9474-1A3956D46DE8}") = "Main", "Main", "{8CBD9131-6291-41DC-AFD0-468172D8E804}"
	ProjectSection(SolutionItems) = preProject
		Main.cs = Main.cs
	EndProjectSection
EndProject
Project("{2150E333-8FDC-42A3-9474-1A3956D46DE8}") = "BillingForms", "BillingForms", "{FFBDD416-9676-43DE-9D6C-1DE63B04EEB3}"
	ProjectSection(SolutionItems) = preProject
		BillingForm.cs = BillingForm.cs
	EndProjectSection
EndProject
Project("{2150E333-8FDC-42A3-9474-1A3956D46DE8}") = "StringMessages", "StringMessages", "{5644F9E2-0DB2-41D3-85D3-E76B0EA8CF56}"
	ProjectSection(SolutionItems) = preProject
		StringMessages\ACSMessages.cs = StringMessages\ACSMessages.cs
	EndProjectSection
EndProject
Project("{2150E333-8FDC-42A3-9474-1A3956D46DE8}") = "ServicesForm", "ServicesForm", "{B57D0A11-0320-4FFB-BF8B-9275D36ECAC5}"
	ProjectSection(SolutionItems) = preProject
		ServicesForm.cs = ServicesForm.cs
	EndProjectSection
EndProject
Global
	GlobalSection(SolutionConfigurationPlatforms) = preSolution
		Debug|Any CPU = Debug|Any CPU
		Release|Any CPU = Release|Any CPU
	EndGlobalSection
	GlobalSection(ProjectConfigurationPlatforms) = postSolution
		{F40417AB-E896-4C3B-8779-5CFF918C6B3D}.Debug|Any CPU.ActiveCfg = Debug|Any CPU
		{F40417AB-E896-4C3B-8779-5CFF918C6B3D}.Debug|Any CPU.Build.0 = Debug|Any CPU
		{F40417AB-E896-4C3B-8779-5CFF918C6B3D}.Release|Any CPU.ActiveCfg = Release|Any CPU
		{F40417AB-E896-4C3B-8779-5CFF918C6B3D}.Release|Any CPU.Build.0 = Release|Any CPU
	EndGlobalSection
	GlobalSection(SolutionProperties) = preSolution
		HideSolutionNode = FALSE
	EndGlobalSection
EndGlobal
